
Microsoft Visual Studio Solution File, Format Version 11.00
# Visual Studio 2010
Project("{FAE04EC0-301F-11D3-BF4B-00C04F79EFBC}") = "Clime", "Clime\Clime.csproj", "{E85078AD-777B-4DA8-974A-2D6FEDB5B7C7}"
EndProject
Global
	GlobalSection(SolutionConfigurationPlatforms) = preSolution
		Debug|Any CPU = Debug|Any CPU
		Release|Any CPU = Release|Any CPU
	EndGlobalSection
	GlobalSection(ProjectConfigurationPlatforms) = postSolution
		{E85078AD-777B-4DA8-974A-2D6FEDB5B7C7}.Debug|Any CPU.ActiveCfg = Debug|Any CPU
		{E85078AD-777B-4DA8-974A-2D6FEDB5B7C7}.Debug|Any CPU.Build.0 = Debug|Any CPU
		{E85078AD-777B-4DA8-974A-2D6FEDB5B7C7}.Release|Any CPU.ActiveCfg = Release|Any CPU
		{E85078AD-777B-4DA8-974A-2D6FEDB5B7C7}.Release|Any CPU.Build.0 = Release|Any CPU
	EndGlobalSection
	GlobalSection(SolutionProperties) = preSolution
		HideSolutionNode = FALSE
	EndGlobalSection
EndGlobal
